
Microsoft Visual Studio Solution File, Format Version 12.00
# Visual Studio 15
VisualStudioVersion = 15.0.28307.779
MinimumVisualStudioVersion = 10.0.40219.1
Project("{F184B08F-C81C-45F6-A57F-5ABD9991F28F}") = "PayrollSystem_DANG", "PayrollSystem_DANG\PayrollSystem_DANG.vbproj", "{E48853BE-174E-4D78-9DA7-71C144BD7CD9}"
EndProject
Global
	GlobalSection(SolutionConfigurationPlatforms) = preSolution
		Debug|Any CPU = Debug|Any CPU
		Release|Any CPU = Release|Any CPU
	EndGlobalSection
	GlobalSection(ProjectConfigurationPlatforms) = postSolution
		{E48853BE-174E-4D78-9DA7-71C144BD7CD9}.Debug|Any CPU.ActiveCfg = Debug|Any CPU
		{E48853BE-174E-4D78-9DA7-71C144BD7CD9}.Debug|Any CPU.Build.0 = Debug|Any CPU
		{E48853BE-174E-4D78-9DA7-71C144BD7CD9}.Release|Any CPU.ActiveCfg = Release|Any CPU
		{E48853BE-174E-4D78-9DA7-71C144BD7CD9}.Release|Any CPU.Build.0 = Release|Any CPU
	EndGlobalSection
	GlobalSection(SolutionProperties) = preSolution
		HideSolutionNode = FALSE
	EndGlobalSection
	GlobalSection(ExtensibilityGlobals) = postSolution
		SolutionGuid = {9B7EBD53-00A4-4891-8175-E9F0C0E60FAE}
	EndGlobalSection
EndGlobal
